{
  "name": "v2keys",
  "lockfileVersion": 3,
  "requires": true,
  "packages": {
    "": {
      "dependencies": {
        "cline": "^0.8.2"
      }
    },
    "node_modules/cline": {
      "version": "0.8.2",
      "resolved": "https://registry.npmjs.org/cline/-/cline-0.8.2.tgz",
      "integrity": "sha512-xcRdiR3vm9XdLmsMkK3XkKOHzOmKxl8eVTO739O6KinC0kRdCGV4jYnItccNMReymKYhQ9obOlMscic5spP3mQ==",
      "engines": {
        "node": ">=0.8.x"
      }
    }
  }
}
